// !$*UTF8*$!
{
	archiveVersion = 1;
	classes = {
	};
	objectVersion = 50;
	objects = {

/* Begin PBXBuildFile section */
		11458C4B2582061900D562AA /* DailyShopController.swift in Sources */ = {isa = PBXBuildFile; fileRef = 11458C4A2582061900D562AA /* DailyShopController.swift */; };
		11458C4D258207C600D562AA /* ImageCell.swift in Sources */ = {isa = PBXBuildFile; fileRef = 11458C4C258207C600D562AA /* ImageCell.swift */; };
		11458C4F25820F4400D562AA /* Service.swift in Sources */ = {isa = PBXBuildFile; fileRef = 11458C4E25820F4400D562AA /* Service.swift */; };
		11458C512582148500D562AA /* DailyShopModel.swift in Sources */ = {isa = PBXBuildFile; fileRef = 11458C502582148500D562AA /* DailyShopModel.swift */; };
		11458C5325822CC600D562AA /* UIAlertControllerExtension.swift in Sources */ = {isa = PBXBuildFile; fileRef = 11458C5225822CC600D562AA /* UIAlertControllerExtension.swift */; };
		11458C5B25835C7700D562AA /* UIActivityIndicatorViewExtension.swift in Sources */ = {isa = PBXBuildFile; fileRef = 11458C5A25835C7700D562AA /* UIActivityIndicatorViewExtension.swift */; };
		115CBE3C258E08030094BD88 /* UIStackViewExtension.swift in Sources */ = {isa = PBXBuildFile; fileRef = 115CBE3B258E08030094BD88 /* UIStackViewExtension.swift */; };
		115CBE3E258E18C90094BD88 /* UISegmentedControlExtension.swift in Sources */ = {isa = PBXBuildFile; fileRef = 115CBE3D258E18C90094BD88 /* UISegmentedControlExtension.swift */; };
		115CBE40258E22CA0094BD88 /* UIViewExtension.swift in Sources */ = {isa = PBXBuildFile; fileRef = 115CBE3F258E22CA0094BD88 /* UIViewExtension.swift */; };
		115CBE42258E24EA0094BD88 /* UIImageViewExtension.swift in Sources */ = {isa = PBXBuildFile; fileRef = 115CBE41258E24EA0094BD88 /* UIImageViewExtension.swift */; };
		115CBE44258E26820094BD88 /* UIButtonExtension.swift in Sources */ = {isa = PBXBuildFile; fileRef = 115CBE43258E26820094BD88 /* UIButtonExtension.swift */; };
		118D9C962584A80300FC29C0 /* DailyShopItem.swift in Sources */ = {isa = PBXBuildFile; fileRef = 118D9C952584A80300FC29C0 /* DailyShopItem.swift */; };
		118FC9DC258101B300A4D1F5 /* AppDelegate.swift in Sources */ = {isa = PBXBuildFile; fileRef = 118FC9DB258101B300A4D1F5 /* AppDelegate.swift */; };
		118FC9DE258101B300A4D1F5 /* SceneDelegate.swift in Sources */ = {isa = PBXBuildFile; fileRef = 118FC9DD258101B300A4D1F5 /* SceneDelegate.swift */; };
		118FC9E5258101B500A4D1F5 /* Assets.xcassets in Resources */ = {isa = PBXBuildFile; fileRef = 118FC9E4258101B500A4D1F5 /* Assets.xcassets */; };
		118FC9E8258101B500A4D1F5 /* LaunchScreen.storyboard in Resources */ = {isa = PBXBuildFile; fileRef = 118FC9E6258101B500A4D1F5 /* LaunchScreen.storyboard */; };
		118FC9F12581063D00A4D1F5 /* swiftlint.yml in Resources */ = {isa = PBXBuildFile; fileRef = 118FC9F02581063D00A4D1F5 /* swiftlint.yml */; };
		11919ED2258F56F7002F1F13 /* SetController.swift in Sources */ = {isa = PBXBuildFile; fileRef = 11919ED1258F56F7002F1F13 /* SetController.swift */; };
		11919ED4258F7550002F1F13 /* ItemDetailProtocol.swift in Sources */ = {isa = PBXBuildFile; fileRef = 11919ED3258F7550002F1F13 /* ItemDetailProtocol.swift */; };
		11969E1A2587493B00F25CDE /* ItemDetailController.swift in Sources */ = {isa = PBXBuildFile; fileRef = 11969E192587493B00F25CDE /* ItemDetailController.swift */; };
		11969E1C25874C4500F25CDE /* ItemDetailView.swift in Sources */ = {isa = PBXBuildFile; fileRef = 11969E1B25874C4500F25CDE /* ItemDetailView.swift */; };
		11969E2425878FC300F25CDE /* ItemDetail.swift in Sources */ = {isa = PBXBuildFile; fileRef = 11969E2325878FC300F25CDE /* ItemDetail.swift */; };
		11969E262588C4AD00F25CDE /* UILabelExtension.swift in Sources */ = {isa = PBXBuildFile; fileRef = 11969E252588C4AD00F25CDE /* UILabelExtension.swift */; };
		1197A08225908FC20064D03D /* SearchItemsController.swift in Sources */ = {isa = PBXBuildFile; fileRef = 1197A08125908FC20064D03D /* SearchItemsController.swift */; };
		1197A08425909EAD0064D03D /* BaseTabBarController.swift in Sources */ = {isa = PBXBuildFile; fileRef = 1197A08325909EAD0064D03D /* BaseTabBarController.swift */; };
		1199573A258B31A00023A639 /* DatesController.swift in Sources */ = {isa = PBXBuildFile; fileRef = 11995739258B31A00023A639 /* DatesController.swift */; };
		1199573C258B32E80023A639 /* DateCell.swift in Sources */ = {isa = PBXBuildFile; fileRef = 1199573B258B32E80023A639 /* DateCell.swift */; };
		1199573E258B3D980023A639 /* UIColorExtension.swift in Sources */ = {isa = PBXBuildFile; fileRef = 1199573D258B3D980023A639 /* UIColorExtension.swift */; };
		11995740258B4B7E0023A639 /* DateCellHeader.swift in Sources */ = {isa = PBXBuildFile; fileRef = 1199573F258B4B7E0023A639 /* DateCellHeader.swift */; };
		11995742258B6B080023A639 /* ImagesController.swift in Sources */ = {isa = PBXBuildFile; fileRef = 11995741258B6B080023A639 /* ImagesController.swift */; };
		11995744258B95420023A639 /* ImageDetailView.swift in Sources */ = {isa = PBXBuildFile; fileRef = 11995743258B95420023A639 /* ImageDetailView.swift */; };
		11A27C292595F64F00CDC4E9 /* ListItem.swift in Sources */ = {isa = PBXBuildFile; fileRef = 11A27C282595F64F00CDC4E9 /* ListItem.swift */; };
		11A27C2B2595FA8A00CDC4E9 /* ListItemsModel.swift in Sources */ = {isa = PBXBuildFile; fileRef = 11A27C2A2595FA8A00CDC4E9 /* ListItemsModel.swift */; };
		11BD9885259CA2210018A0DE /* ImageTask.swift in Sources */ = {isa = PBXBuildFile; fileRef = 11BD9884259CA2210018A0DE /* ImageTask.swift */; };
		11CD5BA325836E28000FD294 /* CollectionViewLabelHeader.swift in Sources */ = {isa = PBXBuildFile; fileRef = 11CD5BA225836E28000FD294 /* CollectionViewLabelHeader.swift */; };
		11CD5BA725837DA4000FD294 /* BurbankBigCondensed-Black.otf in Resources */ = {isa = PBXBuildFile; fileRef = 11CD5BA625837DA1000FD294 /* BurbankBigCondensed-Black.otf */; };
		11CD5BAA258380E5000FD294 /* UIFontExtension.swift in Sources */ = {isa = PBXBuildFile; fileRef = 11CD5BA9258380E5000FD294 /* UIFontExtension.swift */; };
/* End PBXBuildFile section */

/* Begin PBXFileReference section */
		11458C4A2582061900D562AA /* DailyShopController.swift */ = {isa = PBXFileReference; lastKnownFileType = sourcecode.swift; path = DailyShopController.swift; sourceTree = "<group>"; };
		11458C4C258207C600D562AA /* ImageCell.swift */ = {isa = PBXFileReference; lastKnownFileType = sourcecode.swift; path = ImageCell.swift; sourceTree = "<group>"; };
		11458C4E25820F4400D562AA /* Service.swift */ = {isa = PBXFileReference; lastKnownFileType = sourcecode.swift; path = Service.swift; sourceTree = "<group>"; };
		11458C502582148500D562AA /* DailyShopModel.swift */ = {isa = PBXFileReference; lastKnownFileType = sourcecode.swift; path = DailyShopModel.swift; sourceTree = "<group>"; };
		11458C5225822CC600D562AA /* UIAlertControllerExtension.swift */ = {isa = PBXFileReference; lastKnownFileType = sourcecode.swift; path = UIAlertControllerExtension.swift; sourceTree = "<group>"; };
		11458C5A25835C7700D562AA /* UIActivityIndicatorViewExtension.swift */ = {isa = PBXFileReference; lastKnownFileType = sourcecode.swift; path = UIActivityIndicatorViewExtension.swift; sourceTree = "<group>"; };
		115CBE3B258E08030094BD88 /* UIStackViewExtension.swift */ = {isa = PBXFileReference; lastKnownFileType = sourcecode.swift; path = UIStackViewExtension.swift; sourceTree = "<group>"; };
		115CBE3D258E18C90094BD88 /* UISegmentedControlExtension.swift */ = {isa = PBXFileReference; lastKnownFileType = sourcecode.swift; path = UISegmentedControlExtension.swift; sourceTree = "<group>"; };
		115CBE3F258E22CA0094BD88 /* UIViewExtension.swift */ = {isa = PBXFileReference; lastKnownFileType = sourcecode.swift; path = UIViewExtension.swift; sourceTree = "<group>"; };
		115CBE41258E24EA0094BD88 /* UIImageViewExtension.swift */ = {isa = PBXFileReference; lastKnownFileType = sourcecode.swift; path = UIImageViewExtension.swift; sourceTree = "<group>"; };
		115CBE43258E26820094BD88 /* UIButtonExtension.swift */ = {isa = PBXFileReference; lastKnownFileType = sourcecode.swift; path = UIButtonExtension.swift; sourceTree = "<group>"; };
		118D9C952584A80300FC29C0 /* DailyShopItem.swift */ = {isa = PBXFileReference; lastKnownFileType = sourcecode.swift; path = DailyShopItem.swift; sourceTree = "<group>"; };
		118FC9D8258101B300A4D1F5 /* Fortnite Shop.app */ = {isa = PBXFileReference; explicitFileType = wrapper.application; includeInIndex = 0; path = "Fortnite Shop.app"; sourceTree = BUILT_PRODUCTS_DIR; };
		118FC9DB258101B300A4D1F5 /* AppDelegate.swift */ = {isa = PBXFileReference; lastKnownFileType = sourcecode.swift; path = AppDelegate.swift; sourceTree = "<group>"; };
		118FC9DD258101B300A4D1F5 /* SceneDelegate.swift */ = {isa = PBXFileReference; lastKnownFileType = sourcecode.swift; path = SceneDelegate.swift; sourceTree = "<group>"; };
		118FC9E4258101B500A4D1F5 /* Assets.xcassets */ = {isa = PBXFileReference; lastKnownFileType = folder.assetcatalog; path = Assets.xcassets; sourceTree = "<group>"; };
		118FC9E7258101B500A4D1F5 /* Base */ = {isa = PBXFileReference; lastKnownFileType = file.storyboard; name = Base; path = Base.lproj/LaunchScreen.storyboard; sourceTree = "<group>"; };
		118FC9E9258101B500A4D1F5 /* Info.plist */ = {isa = PBXFileReference; lastKnownFileType = text.plist.xml; path = Info.plist; sourceTree = "<group>"; };
		118FC9F02581063D00A4D1F5 /* swiftlint.yml */ = {isa = PBXFileReference; fileEncoding = 4; lastKnownFileType = text.yaml; path = swiftlint.yml; sourceTree = "<group>"; };
		11919ED1258F56F7002F1F13 /* SetController.swift */ = {isa = PBXFileReference; lastKnownFileType = sourcecode.swift; path = SetController.swift; sourceTree = "<group>"; };
		11919ED3258F7550002F1F13 /* ItemDetailProtocol.swift */ = {isa = PBXFileReference; lastKnownFileType = sourcecode.swift; path = ItemDetailProtocol.swift; sourceTree = "<group>"; };
		11969E192587493B00F25CDE /* ItemDetailController.swift */ = {isa = PBXFileReference; lastKnownFileType = sourcecode.swift; path = ItemDetailController.swift; sourceTree = "<group>"; };
		11969E1B25874C4500F25CDE /* ItemDetailView.swift */ = {isa = PBXFileReference; lastKnownFileType = sourcecode.swift; path = ItemDetailView.swift; sourceTree = "<group>"; };
		11969E2325878FC300F25CDE /* ItemDetail.swift */ = {isa = PBXFileReference; lastKnownFileType = sourcecode.swift; path = ItemDetail.swift; sourceTree = "<group>"; };
		11969E252588C4AD00F25CDE /* UILabelExtension.swift */ = {isa = PBXFileReference; lastKnownFileType = sourcecode.swift; path = UILabelExtension.swift; sourceTree = "<group>"; };
		1197A08125908FC20064D03D /* SearchItemsController.swift */ = {isa = PBXFileReference; lastKnownFileType = sourcecode.swift; path = SearchItemsController.swift; sourceTree = "<group>"; };
		1197A08325909EAD0064D03D /* BaseTabBarController.swift */ = {isa = PBXFileReference; lastKnownFileType = sourcecode.swift; path = BaseTabBarController.swift; sourceTree = "<group>"; };
		11995739258B31A00023A639 /* DatesController.swift */ = {isa = PBXFileReference; lastKnownFileType = sourcecode.swift; path = DatesController.swift; sourceTree = "<group>"; };
		1199573B258B32E80023A639 /* DateCell.swift */ = {isa = PBXFileReference; lastKnownFileType = sourcecode.swift; path = DateCell.swift; sourceTree = "<group>"; };
		1199573D258B3D980023A639 /* UIColorExtension.swift */ = {isa = PBXFileReference; lastKnownFileType = sourcecode.swift; path = UIColorExtension.swift; sourceTree = "<group>"; };
		1199573F258B4B7E0023A639 /* DateCellHeader.swift */ = {isa = PBXFileReference; lastKnownFileType = sourcecode.swift; path = DateCellHeader.swift; sourceTree = "<group>"; };
		11995741258B6B080023A639 /* ImagesController.swift */ = {isa = PBXFileReference; lastKnownFileType = sourcecode.swift; path = ImagesController.swift; sourceTree = "<group>"; };
		11995743258B95420023A639 /* ImageDetailView.swift */ = {isa = PBXFileReference; lastKnownFileType = sourcecode.swift; path = ImageDetailView.swift; sourceTree = "<group>"; };
		11A27C282595F64F00CDC4E9 /* ListItem.swift */ = {isa = PBXFileReference; lastKnownFileType = sourcecode.swift; path = ListItem.swift; sourceTree = "<group>"; };
		11A27C2A2595FA8A00CDC4E9 /* ListItemsModel.swift */ = {isa = PBXFileReference; lastKnownFileType = sourcecode.swift; path = ListItemsModel.swift; sourceTree = "<group>"; };
		11BD9884259CA2210018A0DE /* ImageTask.swift */ = {isa = PBXFileReference; lastKnownFileType = sourcecode.swift; path = ImageTask.swift; sourceTree = "<group>"; };
		11CD5BA225836E28000FD294 /* CollectionViewLabelHeader.swift */ = {isa = PBXFileReference; lastKnownFileType = sourcecode.swift; path = CollectionViewLabelHeader.swift; sourceTree = "<group>"; };
		11CD5BA625837DA1000FD294 /* BurbankBigCondensed-Black.otf */ = {isa = PBXFileReference; lastKnownFileType = file; path = "BurbankBigCondensed-Black.otf"; sourceTree = "<group>"; };
		11CD5BA9258380E5000FD294 /* UIFontExtension.swift */ = {isa = PBXFileReference; lastKnownFileType = sourcecode.swift; path = UIFontExtension.swift; sourceTree = "<group>"; };
/* End PBXFileReference section */

/* Begin PBXFrameworksBuildPhase section */
		118FC9D5258101B300A4D1F5 /* Frameworks */ = {
			isa = PBXFrameworksBuildPhase;
			buildActionMask = 2147483647;
			files = (
			);
			runOnlyForDeploymentPostprocessing = 0;
		};
/* End PBXFrameworksBuildPhase section */

/* Begin PBXGroup section */
		11458C54258243F200D562AA /* Service */ = {
			isa = PBXGroup;
			children = (
				11458C4E25820F4400D562AA /* Service.swift */,
				11BD9884259CA2210018A0DE /* ImageTask.swift */,
			);
			path = Service;
			sourceTree = "<group>";
		};
		11458C552582440000D562AA /* Models */ = {
			isa = PBXGroup;
			children = (
				118D9C952584A80300FC29C0 /* DailyShopItem.swift */,
				11458C502582148500D562AA /* DailyShopModel.swift */,
				11969E2325878FC300F25CDE /* ItemDetail.swift */,
				11A27C282595F64F00CDC4E9 /* ListItem.swift */,
				11A27C2A2595FA8A00CDC4E9 /* ListItemsModel.swift */,
			);
			path = Models;
			sourceTree = "<group>";
		};
		11458C562582440D00D562AA /* Views */ = {
			isa = PBXGroup;
			children = (
				11458C4C258207C600D562AA /* ImageCell.swift */,
				11CD5BA225836E28000FD294 /* CollectionViewLabelHeader.swift */,
				11969E1B25874C4500F25CDE /* ItemDetailView.swift */,
				1199573B258B32E80023A639 /* DateCell.swift */,
				1199573F258B4B7E0023A639 /* DateCellHeader.swift */,
				11995743258B95420023A639 /* ImageDetailView.swift */,
			);
			path = Views;
			sourceTree = "<group>";
		};
		11458C572582442200D562AA /* Controllers */ = {
			isa = PBXGroup;
			children = (
				1197A08325909EAD0064D03D /* BaseTabBarController.swift */,
				11458C4A2582061900D562AA /* DailyShopController.swift */,
				11969E192587493B00F25CDE /* ItemDetailController.swift */,
				1197A08025908F570064D03D /* ItemDetailChildControllers */,
				1197A08125908FC20064D03D /* SearchItemsController.swift */,
			);
			path = Controllers;
			sourceTree = "<group>";
		};
		11458C582582453400D562AA /* Extensions */ = {
			isa = PBXGroup;
			children = (
				11458C5225822CC600D562AA /* UIAlertControllerExtension.swift */,
				11458C5A25835C7700D562AA /* UIActivityIndicatorViewExtension.swift */,
				11CD5BA9258380E5000FD294 /* UIFontExtension.swift */,
				11969E252588C4AD00F25CDE /* UILabelExtension.swift */,
				1199573D258B3D980023A639 /* UIColorExtension.swift */,
				115CBE3B258E08030094BD88 /* UIStackViewExtension.swift */,
				115CBE3D258E18C90094BD88 /* UISegmentedControlExtension.swift */,
				115CBE3F258E22CA0094BD88 /* UIViewExtension.swift */,
				115CBE41258E24EA0094BD88 /* UIImageViewExtension.swift */,
				115CBE43258E26820094BD88 /* UIButtonExtension.swift */,
			);
			path = Extensions;
			sourceTree = "<group>";
		};
		11458C592582459900D562AA /* Rest */ = {
			isa = PBXGroup;
			children = (
				118FC9E9258101B500A4D1F5 /* Info.plist */,
				118FC9DB258101B300A4D1F5 /* AppDelegate.swift */,
				118FC9DD258101B300A4D1F5 /* SceneDelegate.swift */,
				118FC9E6258101B500A4D1F5 /* LaunchScreen.storyboard */,
				118FC9F02581063D00A4D1F5 /* swiftlint.yml */,
			);
			path = Rest;
			sourceTree = "<group>";
		};
		118FC9CF258101B300A4D1F5 = {
			isa = PBXGroup;
			children = (
				118FC9DA258101B300A4D1F5 /* Fortnite Shop */,
				118FC9D9258101B300A4D1F5 /* Products */,
			);
			sourceTree = "<group>";
		};
		118FC9D9258101B300A4D1F5 /* Products */ = {
			isa = PBXGroup;
			children = (
				118FC9D8258101B300A4D1F5 /* Fortnite Shop.app */,
			);
			name = Products;
			sourceTree = "<group>";
		};
		118FC9DA258101B300A4D1F5 /* Fortnite Shop */ = {
			isa = PBXGroup;
			children = (
				11458C54258243F200D562AA /* Service */,
				11458C552582440000D562AA /* Models */,
				11458C562582440D00D562AA /* Views */,
				11458C572582442200D562AA /* Controllers */,
				11458C582582453400D562AA /* Extensions */,
				11CD5BA825837F8C000FD294 /* Fonts */,
				11919ED5258F7FCA002F1F13 /* Protocols */,
				11458C592582459900D562AA /* Rest */,
				118FC9E4258101B500A4D1F5 /* Assets.xcassets */,
			);
			path = "Fortnite Shop";
			sourceTree = "<group>";
		};
		11919ED5258F7FCA002F1F13 /* Protocols */ = {
			isa = PBXGroup;
			children = (
				11919ED3258F7550002F1F13 /* ItemDetailProtocol.swift */,
			);
			path = Protocols;
			sourceTree = "<group>";
		};
		1197A08025908F570064D03D /* ItemDetailChildControllers */ = {
			isa = PBXGroup;
			children = (
				11995739258B31A00023A639 /* DatesController.swift */,
				11995741258B6B080023A639 /* ImagesController.swift */,
				11919ED1258F56F7002F1F13 /* SetController.swift */,
			);
			path = ItemDetailChildControllers;
			sourceTree = "<group>";
		};
		11CD5BA825837F8C000FD294 /* Fonts */ = {
			isa = PBXGroup;
			children = (
				11CD5BA625837DA1000FD294 /* BurbankBigCondensed-Black.otf */,
			);
			path = Fonts;
			sourceTree = "<group>";
		};
/* End PBXGroup section */

/* Begin PBXNativeTarget section */
		118FC9D7258101B300A4D1F5 /* Fortnite Shop */ = {
			isa = PBXNativeTarget;
			buildConfigurationList = 118FC9EC258101B500A4D1F5 /* Build configuration list for PBXNativeTarget "Fortnite Shop" */;
			buildPhases = (
				118FC9EF2581048D00A4D1F5 /* ShellScript */,
				118FC9D4258101B300A4D1F5 /* Sources */,
				118FC9D5258101B300A4D1F5 /* Frameworks */,
				118FC9D6258101B300A4D1F5 /* Resources */,
			);
			buildRules = (
			);
			dependencies = (
			);
			name = "Fortnite Shop";
			productName = "Fortnite Shop";
			productReference = 118FC9D8258101B300A4D1F5 /* Fortnite Shop.app */;
			productType = "com.apple.product-type.application";
		};
/* End PBXNativeTarget section */

/* Begin PBXProject section */
		118FC9D0258101B300A4D1F5 /* Project object */ = {
			isa = PBXProject;
			attributes = {
				LastSwiftUpdateCheck = 1120;
				LastUpgradeCheck = 1120;
				ORGANIZATIONNAME = "Jiri Janecek";
				TargetAttributes = {
					118FC9D7258101B300A4D1F5 = {
						CreatedOnToolsVersion = 11.2.1;
					};
				};
			};
			buildConfigurationList = 118FC9D3258101B300A4D1F5 /* Build configuration list for PBXProject "Fortnite Shop" */;
			compatibilityVersion = "Xcode 9.3";
			developmentRegion = en;
			hasScannedForEncodings = 0;
			knownRegions = (
				en,
				Base,
			);
			mainGroup = 118FC9CF258101B300A4D1F5;
			productRefGroup = 118FC9D9258101B300A4D1F5 /* Products */;
			projectDirPath = "";
			projectRoot = "";
			targets = (
				118FC9D7258101B300A4D1F5 /* Fortnite Shop */,
			);
		};
/* End PBXProject section */

/* Begin PBXResourcesBuildPhase section */
		118FC9D6258101B300A4D1F5 /* Resources */ = {
			isa = PBXResourcesBuildPhase;
			buildActionMask = 2147483647;
			files = (
				118FC9E8258101B500A4D1F5 /* LaunchScreen.storyboard in Resources */,
				11CD5BA725837DA4000FD294 /* BurbankBigCondensed-Black.otf in Resources */,
				118FC9F12581063D00A4D1F5 /* swiftlint.yml in Resources */,
				118FC9E5258101B500A4D1F5 /* Assets.xcassets in Resources */,
			);
			runOnlyForDeploymentPostprocessing = 0;
		};
/* End PBXResourcesBuildPhase section */

/* Begin PBXShellScriptBuildPhase section */
		118FC9EF2581048D00A4D1F5 /* ShellScript */ = {
			isa = PBXShellScriptBuildPhase;
			buildActionMask = 2147483647;
			files = (
			);
			inputFileListPaths = (
			);
			inputPaths = (
			);
			outputFileListPaths = (
			);
			outputPaths = (
			);
			runOnlyForDeploymentPostprocessing = 0;
			shellPath = /bin/sh;
			shellScript = "# Type a script or drag a script file from your workspace to insert its path.\nif which swiftlint >/dev/null; then\n  swiftlint\nelse\n  echo \"warning: SwiftLint not installed, download from https://github.com/realm/SwiftLint\"\nfi\n";
		};
/* End PBXShellScriptBuildPhase section */

/* Begin PBXSourcesBuildPhase section */
		118FC9D4258101B300A4D1F5 /* Sources */ = {
			isa = PBXSourcesBuildPhase;
			buildActionMask = 2147483647;
			files = (
				115CBE42258E24EA0094BD88 /* UIImageViewExtension.swift in Sources */,
				11CD5BA325836E28000FD294 /* CollectionViewLabelHeader.swift in Sources */,
				11458C4B2582061900D562AA /* DailyShopController.swift in Sources */,
				1197A08425909EAD0064D03D /* BaseTabBarController.swift in Sources */,
				11458C5B25835C7700D562AA /* UIActivityIndicatorViewExtension.swift in Sources */,
				11969E1A2587493B00F25CDE /* ItemDetailController.swift in Sources */,
				118FC9DC258101B300A4D1F5 /* AppDelegate.swift in Sources */,
				1197A08225908FC20064D03D /* SearchItemsController.swift in Sources */,
				11919ED2258F56F7002F1F13 /* SetController.swift in Sources */,
				1199573E258B3D980023A639 /* UIColorExtension.swift in Sources */,
				115CBE40258E22CA0094BD88 /* UIViewExtension.swift in Sources */,
				1199573A258B31A00023A639 /* DatesController.swift in Sources */,
				11458C4F25820F4400D562AA /* Service.swift in Sources */,
				11BD9885259CA2210018A0DE /* ImageTask.swift in Sources */,
				11995744258B95420023A639 /* ImageDetailView.swift in Sources */,
				1199573C258B32E80023A639 /* DateCell.swift in Sources */,
				118FC9DE258101B300A4D1F5 /* SceneDelegate.swift in Sources */,
				115CBE3E258E18C90094BD88 /* UISegmentedControlExtension.swift in Sources */,
				11919ED4258F7550002F1F13 /* ItemDetailProtocol.swift in Sources */,
				11995740258B4B7E0023A639 /* DateCellHeader.swift in Sources */,
				11969E262588C4AD00F25CDE /* UILabelExtension.swift in Sources */,
				118D9C962584A80300FC29C0 /* DailyShopItem.swift in Sources */,
				11CD5BAA258380E5000FD294 /* UIFontExtension.swift in Sources */,
				11458C4D258207C600D562AA /* ImageCell.swift in Sources */,
				11969E1C25874C4500F25CDE /* ItemDetailView.swift in Sources */,
				115CBE3C258E08030094BD88 /* UIStackViewExtension.swift in Sources */,
				115CBE44258E26820094BD88 /* UIButtonExtension.swift in Sources */,
				11A27C292595F64F00CDC4E9 /* ListItem.swift in Sources */,
				11458C5325822CC600D562AA /* UIAlertControllerExtension.swift in Sources */,
				11969E2425878FC300F25CDE /* ItemDetail.swift in Sources */,
				11458C512582148500D562AA /* DailyShopModel.swift in Sources */,
				11A27C2B2595FA8A00CDC4E9 /* ListItemsModel.swift in Sources */,
				11995742258B6B080023A639 /* ImagesController.swift in Sources */,
			);
			runOnlyForDeploymentPostprocessing = 0;
		};
/* End PBXSourcesBuildPhase section */

/* Begin PBXVariantGroup section */
		118FC9E6258101B500A4D1F5 /* LaunchScreen.storyboard */ = {
			isa = PBXVariantGroup;
			children = (
				118FC9E7258101B500A4D1F5 /* Base */,
			);
			name = LaunchScreen.storyboard;
			sourceTree = "<group>";
		};
/* End PBXVariantGroup section */

/* Begin XCBuildConfiguration section */
		118FC9EA258101B500A4D1F5 /* Debug */ = {
			isa = XCBuildConfiguration;
			buildSettings = {
				ALWAYS_SEARCH_USER_PATHS = NO;
				CLANG_ANALYZER_NONNULL = YES;
				CLANG_ANALYZER_NUMBER_OBJECT_CONVERSION = YES_AGGRESSIVE;
				CLANG_CXX_LANGUAGE_STANDARD = "gnu++14";
				CLANG_CXX_LIBRARY = "libc++";
				CLANG_ENABLE_MODULES = YES;
				CLANG_ENABLE_OBJC_ARC = YES;
				CLANG_ENABLE_OBJC_WEAK = YES;
				CLANG_WARN_BLOCK_CAPTURE_AUTORELEASING = YES;
				CLANG_WARN_BOOL_CONVERSION = YES;
				CLANG_WARN_COMMA = YES;
				CLANG_WARN_CONSTANT_CONVERSION = YES;
				CLANG_WARN_DEPRECATED_OBJC_IMPLEMENTATIONS = YES;
				CLANG_WARN_DIRECT_OBJC_ISA_USAGE = YES_ERROR;
				CLANG_WARN_DOCUMENTATION_COMMENTS = YES;
				CLANG_WARN_EMPTY_BODY = YES;
				CLANG_WARN_ENUM_CONVERSION = YES;
				CLANG_WARN_INFINITE_RECURSION = YES;
				CLANG_WARN_INT_CONVERSION = YES;
				CLANG_WARN_NON_LITERAL_NULL_CONVERSION = YES;
				CLANG_WARN_OBJC_IMPLICIT_RETAIN_SELF = YES;
				CLANG_WARN_OBJC_LITERAL_CONVERSION = YES;
				CLANG_WARN_OBJC_ROOT_CLASS = YES_ERROR;
				CLANG_WARN_RANGE_LOOP_ANALYSIS = YES;
				CLANG_WARN_STRICT_PROTOTYPES = YES;
				CLANG_WARN_SUSPICIOUS_MOVE = YES;
				CLANG_WARN_UNGUARDED_AVAILABILITY = YES_AGGRESSIVE;
				CLANG_WARN_UNREACHABLE_CODE = YES;
				CLANG_WARN__DUPLICATE_METHOD_MATCH = YES;
				COPY_PHASE_STRIP = NO;
				DEBUG_INFORMATION_FORMAT = dwarf;
				ENABLE_STRICT_OBJC_MSGSEND = YES;
				ENABLE_TESTABILITY = YES;
				GCC_C_LANGUAGE_STANDARD = gnu11;
				GCC_DYNAMIC_NO_PIC = NO;
				GCC_NO_COMMON_BLOCKS = YES;
				GCC_OPTIMIZATION_LEVEL = 0;
				GCC_PREPROCESSOR_DEFINITIONS = (
					"DEBUG=1",
					"$(inherited)",
				);
				GCC_WARN_64_TO_32_BIT_CONVERSION = YES;
				GCC_WARN_ABOUT_RETURN_TYPE = YES_ERROR;
				GCC_WARN_UNDECLARED_SELECTOR = YES;
				GCC_WARN_UNINITIALIZED_AUTOS = YES_AGGRESSIVE;
				GCC_WARN_UNUSED_FUNCTION = YES;
				GCC_WARN_UNUSED_VARIABLE = YES;
				IPHONEOS_DEPLOYMENT_TARGET = 13.2;
				MTL_ENABLE_DEBUG_INFO = INCLUDE_SOURCE;
				MTL_FAST_MATH = YES;
				ONLY_ACTIVE_ARCH = YES;
				SDKROOT = iphoneos;
				SWIFT_ACTIVE_COMPILATION_CONDITIONS = DEBUG;
				SWIFT_OPTIMIZATION_LEVEL = "-Onone";
			};
			name = Debug;
		};
		118FC9EB258101B500A4D1F5 /* Release */ = {
			isa = XCBuildConfiguration;
			buildSettings = {
				ALWAYS_SEARCH_USER_PATHS = NO;
				CLANG_ANALYZER_NONNULL = YES;
				CLANG_ANALYZER_NUMBER_OBJECT_CONVERSION = YES_AGGRESSIVE;
				CLANG_CXX_LANGUAGE_STANDARD = "gnu++14";
				CLANG_CXX_LIBRARY = "libc++";
				CLANG_ENABLE_MODULES = YES;
				CLANG_ENABLE_OBJC_ARC = YES;
				CLANG_ENABLE_OBJC_WEAK = YES;
				CLANG_WARN_BLOCK_CAPTURE_AUTORELEASING = YES;
				CLANG_WARN_BOOL_CONVERSION = YES;
				CLANG_WARN_COMMA = YES;
				CLANG_WARN_CONSTANT_CONVERSION = YES;
				CLANG_WARN_DEPRECATED_OBJC_IMPLEMENTATIONS = YES;
				CLANG_WARN_DIRECT_OBJC_ISA_USAGE = YES_ERROR;
				CLANG_WARN_DOCUMENTATION_COMMENTS = YES;
				CLANG_WARN_EMPTY_BODY = YES;
				CLANG_WARN_ENUM_CONVERSION = YES;
				CLANG_WARN_INFINITE_RECURSION = YES;
				CLANG_WARN_INT_CONVERSION = YES;
				CLANG_WARN_NON_LITERAL_NULL_CONVERSION = YES;
				CLANG_WARN_OBJC_IMPLICIT_RETAIN_SELF = YES;
				CLANG_WARN_OBJC_LITERAL_CONVERSION = YES;
				CLANG_WARN_OBJC_ROOT_CLASS = YES_ERROR;
				CLANG_WARN_RANGE_LOOP_ANALYSIS = YES;
				CLANG_WARN_STRICT_PROTOTYPES = YES;
				CLANG_WARN_SUSPICIOUS_MOVE = YES;
				CLANG_WARN_UNGUARDED_AVAILABILITY = YES_AGGRESSIVE;
				CLANG_WARN_UNREACHABLE_CODE = YES;
				CLANG_WARN__DUPLICATE_METHOD_MATCH = YES;
				COPY_PHASE_STRIP = NO;
				DEBUG_INFORMATION_FORMAT = "dwarf-with-dsym";
				ENABLE_NS_ASSERTIONS = NO;
				ENABLE_STRICT_OBJC_MSGSEND = YES;
				GCC_C_LANGUAGE_STANDARD = gnu11;
				GCC_NO_COMMON_BLOCKS = YES;
				GCC_WARN_64_TO_32_BIT_CONVERSION = YES;
				GCC_WARN_ABOUT_RETURN_TYPE = YES_ERROR;
				GCC_WARN_UNDECLARED_SELECTOR = YES;
				GCC_WARN_UNINITIALIZED_AUTOS = YES_AGGRESSIVE;
				GCC_WARN_UNUSED_FUNCTION = YES;
				GCC_WARN_UNUSED_VARIABLE = YES;
				IPHONEOS_DEPLOYMENT_TARGET = 13.2;
				MTL_ENABLE_DEBUG_INFO = NO;
				MTL_FAST_MATH = YES;
				SDKROOT = iphoneos;
				SWIFT_COMPILATION_MODE = wholemodule;
				SWIFT_OPTIMIZATION_LEVEL = "-O";
				VALIDATE_PRODUCT = YES;
			};
			name = Release;
		};
		118FC9ED258101B500A4D1F5 /* Debug */ = {
			isa = XCBuildConfiguration;
			buildSettings = {
				ASSETCATALOG_COMPILER_APPICON_NAME = AppIcon;
				CODE_SIGN_STYLE = Automatic;
				DEVELOPMENT_TEAM = LSX73KEXNV;
				INFOPLIST_FILE = "Fortnite Shop/Rest/Info.plist";
				LD_RUNPATH_SEARCH_PATHS = (
					"$(inherited)",
					"@executable_path/Frameworks",
				);
				PRODUCT_BUNDLE_IDENTIFIER = "com.weebly.janecek.Fortnite-Shop";
				PRODUCT_NAME = "$(TARGET_NAME)";
				SWIFT_VERSION = 5.0;
				TARGETED_DEVICE_FAMILY = "1,2";
			};
			name = Debug;
		};
		118FC9EE258101B500A4D1F5 /* Release */ = {
			isa = XCBuildConfiguration;
			buildSettings = {
				ASSETCATALOG_COMPILER_APPICON_NAME = AppIcon;
				CODE_SIGN_STYLE = Automatic;
				DEVELOPMENT_TEAM = LSX73KEXNV;
				INFOPLIST_FILE = "Fortnite Shop/Rest/Info.plist";
				LD_RUNPATH_SEARCH_PATHS = (
					"$(inherited)",
					"@executable_path/Frameworks",
				);
				PRODUCT_BUNDLE_IDENTIFIER = "com.weebly.janecek.Fortnite-Shop";
				PRODUCT_NAME = "$(TARGET_NAME)";
				SWIFT_VERSION = 5.0;
				TARGETED_DEVICE_FAMILY = "1,2";
			};
			name = Release;
		};
/* End XCBuildConfiguration section */

/* Begin XCConfigurationList section */
		118FC9D3258101B300A4D1F5 /* Build configuration list for PBXProject "Fortnite Shop" */ = {
			isa = XCConfigurationList;
			buildConfigurations = (
				118FC9EA258101B500A4D1F5 /* Debug */,
				118FC9EB258101B500A4D1F5 /* Release */,
			);
			defaultConfigurationIsVisible = 0;
			defaultConfigurationName = Release;
		};
		118FC9EC258101B500A4D1F5 /* Build configuration list for PBXNativeTarget "Fortnite Shop" */ = {
			isa = XCConfigurationList;
			buildConfigurations = (
				118FC9ED258101B500A4D1F5 /* Debug */,
				118FC9EE258101B500A4D1F5 /* Release */,
			);
			defaultConfigurationIsVisible = 0;
			defaultConfigurationName = Release;
		};
/* End XCConfigurationList section */
	};
	rootObject = 118FC9D0258101B300A4D1F5 /* Project object */;
}
